
Microsoft Visual Studio Solution File, Format Version 12.00
# Visual Studio Version 17
VisualStudioVersion = 17.8.34309.116
MinimumVisualStudioVersion = 10.0.40219.1
Project("{FAE04EC0-301F-11D3-BF4B-00C04F79EFBC}") = "ComboWordWrap.UWP", "ComboWordWrap\ComboWordWrap.UWP\ComboWordWrap.UWP.csproj", "{7F37335F-3A71-41C7-8996-9B116E4B89E4}"
EndProject
Project("{FAE04EC0-301F-11D3-BF4B-00C04F79EFBC}") = "ComboWordWrap.Android", "ComboWordWrap\ComboWordWrap.Android\ComboWordWrap.Android.csproj", "{E9BA50AC-3779-45EA-A3DB-588FC721C267}"
EndProject
Project("{FAE04EC0-301F-11D3-BF4B-00C04F79EFBC}") = "ComboWordWrap.iOS", "ComboWordWrap\ComboWordWrap.iOS\ComboWordWrap.iOS.csproj", "{E5611A3A-C90E-451C-BC4D-F6FFEA223C8F}"
EndProject
Project("{FAE04EC0-301F-11D3-BF4B-00C04F79EFBC}") = "ComboWordWrap", "ComboWordWrap\ComboWordWrap\ComboWordWrap.csproj", "{008C7B0F-1C9B-42F7-B397-C57245A29BBC}"
EndProject
Global
	GlobalSection(SolutionConfigurationPlatforms) = preSolution
		Debug|Any CPU = Debug|Any CPU
		Debug|ARM = Debug|ARM
		Debug|iPhone = Debug|iPhone
		Debug|iPhoneSimulator = Debug|iPhoneSimulator
		Debug|x64 = Debug|x64
		Debug|x86 = Debug|x86
		Release|Any CPU = Release|Any CPU
		Release|ARM = Release|ARM
		Release|iPhone = Release|iPhone
		Release|iPhoneSimulator = Release|iPhoneSimulator
		Release|x64 = Release|x64
		Release|x86 = Release|x86
	EndGlobalSection
	GlobalSection(ProjectConfigurationPlatforms) = postSolution
		{7F37335F-3A71-41C7-8996-9B116E4B89E4}.Debug|Any CPU.ActiveCfg = Debug|x64
		{7F37335F-3A71-41C7-8996-9B116E4B89E4}.Debug|Any CPU.Build.0 = Debug|x64
		{7F37335F-3A71-41C7-8996-9B116E4B89E4}.Debug|Any CPU.Deploy.0 = Debug|x64
		{7F37335F-3A71-41C7-8996-9B116E4B89E4}.Debug|ARM.ActiveCfg = Debug|ARM
		{7F37335F-3A71-41C7-8996-9B116E4B89E4}.Debug|ARM.Build.0 = Debug|ARM
		{7F37335F-3A71-41C7-8996-9B116E4B89E4}.Debug|ARM.Deploy.0 = Debug|ARM
		{7F37335F-3A71-41C7-8996-9B116E4B89E4}.Debug|iPhone.ActiveCfg = Debug|x64
		{7F37335F-3A71-41C7-8996-9B116E4B89E4}.Debug|iPhone.Build.0 = Debug|x64
		{7F37335F-3A71-41C7-8996-9B116E4B89E4}.Debug|iPhone.Deploy.0 = Debug|x64
		{7F37335F-3A71-41C7-8996-9B116E4B89E4}.Debug|iPhoneSimulator.ActiveCfg = Debug|x64
		{7F37335F-3A71-41C7-8996-9B116E4B89E4}.Debug|iPhoneSimulator.Build.0 = Debug|x64
		{7F37335F-3A71-41C7-8996-9B116E4B89E4}.Debug|iPhoneSimulator.Deploy.0 = Debug|x64
		{7F37335F-3A71-41C7-8996-9B116E4B89E4}.Debug|x64.ActiveCfg = Debug|x64
		{7F37335F-3A71-41C7-8996-9B116E4B89E4}.Debug|x64.Build.0 = Debug|x64
		{7F37335F-3A71-41C7-8996-9B116E4B89E4}.Debug|x64.Deploy.0 = Debug|x64
		{7F37335F-3A71-41C7-8996-9B116E4B89E4}.Debug|x86.ActiveCfg = Debug|x86
		{7F37335F-3A71-41C7-8996-9B116E4B89E4}.Debug|x86.Build.0 = Debug|x86
		{7F37335F-3A71-41C7-8996-9B116E4B89E4}.Debug|x86.Deploy.0 = Debug|x86
		{7F37335F-3A71-41C7-8996-9B116E4B89E4}.Release|Any CPU.ActiveCfg = Release|x64
		{7F37335F-3A71-41C7-8996-9B116E4B89E4}.Release|Any CPU.Build.0 = Release|x64
		{7F37335F-3A71-41C7-8996-9B116E4B89E4}.Release|Any CPU.Deploy.0 = Release|x64
		{7F37335F-3A71-41C7-8996-9B116E4B89E4}.Release|ARM.ActiveCfg = Release|ARM
		{7F37335F-3A71-41C7-8996-9B116E4B89E4}.Release|ARM.Build.0 = Release|ARM
		{7F37335F-3A71-41C7-8996-9B116E4B89E4}.Release|ARM.Deploy.0 = Release|ARM
		{7F37335F-3A71-41C7-8996-9B116E4B89E4}.Release|iPhone.ActiveCfg = Release|x64
		{7F37335F-3A71-41C7-8996-9B116E4B89E4}.Release|iPhone.Build.0 = Release|x64
		{7F37335F-3A71-41C7-8996-9B116E4B89E4}.Release|iPhone.Deploy.0 = Release|x64
		{7F37335F-3A71-41C7-8996-9B116E4B89E4}.Release|iPhoneSimulator.ActiveCfg = Release|x64
		{7F37335F-3A71-41C7-8996-9B116E4B89E4}.Release|iPhoneSimulator.Build.0 = Release|x64
		{7F37335F-3A71-41C7-8996-9B116E4B89E4}.Release|iPhoneSimulator.Deploy.0 = Release|x64
		{7F37335F-3A71-41C7-8996-9B116E4B89E4}.Release|x64.ActiveCfg = Release|x64
		{7F37335F-3A71-41C7-8996-9B116E4B89E4}.Release|x64.Build.0 = Release|x64
		{7F37335F-3A71-41C7-8996-9B116E4B89E4}.Release|x64.Deploy.0 = Release|x64
		{7F37335F-3A71-41C7-8996-9B116E4B89E4}.Release|x86.ActiveCfg = Release|x86
		{7F37335F-3A71-41C7-8996-9B116E4B89E4}.Release|x86.Build.0 = Release|x86
		{7F37335F-3A71-41C7-8996-9B116E4B89E4}.Release|x86.Deploy.0 = Release|x86
		{E9BA50AC-3779-45EA-A3DB-588FC721C267}.Debug|Any CPU.ActiveCfg = Debug|Any CPU
		{E9BA50AC-3779-45EA-A3DB-588FC721C267}.Debug|Any CPU.Build.0 = Debug|Any CPU
		{E9BA50AC-3779-45EA-A3DB-588FC721C267}.Debug|Any CPU.Deploy.0 = Debug|Any CPU
		{E9BA50AC-3779-45EA-A3DB-588FC721C267}.Debug|ARM.ActiveCfg = Debug|Any CPU
		{E9BA50AC-3779-45EA-A3DB-588FC721C267}.Debug|ARM.Build.0 = Debug|Any CPU
		{E9BA50AC-3779-45EA-A3DB-588FC721C267}.Debug|ARM.Deploy.0 = Debug|Any CPU
		{E9BA50AC-3779-45EA-A3DB-588FC721C267}.Debug|iPhone.ActiveCfg = Debug|Any CPU
		{E9BA50AC-3779-45EA-A3DB-588FC721C267}.Debug|iPhone.Build.0 = Debug|Any CPU
		{E9BA50AC-3779-45EA-A3DB-588FC721C267}.Debug|iPhone.Deploy.0 = Debug|Any CPU
		{E9BA50AC-3779-45EA-A3DB-588FC721C267}.Debug|iPhoneSimulator.ActiveCfg = Debug|Any CPU
		{E9BA50AC-3779-45EA-A3DB-588FC721C267}.Debug|iPhoneSimulator.Build.0 = Debug|Any CPU
		{E9BA50AC-3779-45EA-A3DB-588FC721C267}.Debug|iPhoneSimulator.Deploy.0 = Debug|Any CPU
		{E9BA50AC-3779-45EA-A3DB-588FC721C267}.Debug|x64.ActiveCfg = Debug|Any CPU
		{E9BA50AC-3779-45EA-A3DB-588FC721C267}.Debug|x64.Build.0 = Debug|Any CPU
		{E9BA50AC-3779-45EA-A3DB-588FC721C267}.Debug|x64.Deploy.0 = Debug|Any CPU
		{E9BA50AC-3779-45EA-A3DB-588FC721C267}.Debug|x86.ActiveCfg = Debug|Any CPU
		{E9BA50AC-3779-45EA-A3DB-588FC721C267}.Debug|x86.Build.0 = Debug|Any CPU
		{E9BA50AC-3779-45EA-A3DB-588FC721C267}.Debug|x86.Deploy.0 = Debug|Any CPU
		{E9BA50AC-3779-45EA-A3DB-588FC721C267}.Release|Any CPU.ActiveCfg = Release|Any CPU
		{E9BA50AC-3779-45EA-A3DB-588FC721C267}.Release|Any CPU.Build.0 = Release|Any CPU
		{E9BA50AC-3779-45EA-A3DB-588FC721C267}.Release|Any CPU.Deploy.0 = Release|Any CPU
		{E9BA50AC-3779-45EA-A3DB-588FC721C267}.Release|ARM.ActiveCfg = Release|Any CPU
		{E9BA50AC-3779-45EA-A3DB-588FC721C267}.Release|ARM.Build.0 = Release|Any CPU
		{E9BA50AC-3779-45EA-A3DB-588FC721C267}.Release|ARM.Deploy.0 = Release|Any CPU
		{E9BA50AC-3779-45EA-A3DB-588FC721C267}.Release|iPhone.ActiveCfg = Release|Any CPU
		{E9BA50AC-3779-45EA-A3DB-588FC721C267}.Release|iPhone.Build.0 = Release|Any CPU
		{E9BA50AC-3779-45EA-A3DB-588FC721C267}.Release|iPhone.Deploy.0 = Release|Any CPU
		{E9BA50AC-3779-45EA-A3DB-588FC721C267}.Release|iPhoneSimulator.ActiveCfg = Release|Any CPU
		{E9BA50AC-3779-45EA-A3DB-588FC721C267}.Release|iPhoneSimulator.Build.0 = Release|Any CPU
		{E9BA50AC-3779-45EA-A3DB-588FC721C267}.Release|iPhoneSimulator.Deploy.0 = Release|Any CPU
		{E9BA50AC-3779-45EA-A3DB-588FC721C267}.Release|x64.ActiveCfg = Release|Any CPU
		{E9BA50AC-3779-45EA-A3DB-588FC721C267}.Release|x64.Build.0 = Release|Any CPU
		{E9BA50AC-3779-45EA-A3DB-588FC721C267}.Release|x64.Deploy.0 = Release|Any CPU
		{E9BA50AC-3779-45EA-A3DB-588FC721C267}.Release|x86.ActiveCfg = Release|Any CPU
		{E9BA50AC-3779-45EA-A3DB-588FC721C267}.Release|x86.Build.0 = Release|Any CPU
		{E9BA50AC-3779-45EA-A3DB-588FC721C267}.Release|x86.Deploy.0 = Release|Any CPU
		{E5611A3A-C90E-451C-BC4D-F6FFEA223C8F}.Debug|Any CPU.ActiveCfg = Debug|iPhoneSimulator
		{E5611A3A-C90E-451C-BC4D-F6FFEA223C8F}.Debug|Any CPU.Build.0 = Debug|iPhoneSimulator
		{E5611A3A-C90E-451C-BC4D-F6FFEA223C8F}.Debug|Any CPU.Deploy.0 = Debug|iPhoneSimulator
		{E5611A3A-C90E-451C-BC4D-F6FFEA223C8F}.Debug|ARM.ActiveCfg = Debug|iPhoneSimulator
		{E5611A3A-C90E-451C-BC4D-F6FFEA223C8F}.Debug|ARM.Build.0 = Debug|iPhoneSimulator
		{E5611A3A-C90E-451C-BC4D-F6FFEA223C8F}.Debug|ARM.Deploy.0 = Debug|iPhoneSimulator
		{E5611A3A-C90E-451C-BC4D-F6FFEA223C8F}.Debug|iPhone.ActiveCfg = Debug|iPhone
		{E5611A3A-C90E-451C-BC4D-F6FFEA223C8F}.Debug|iPhone.Build.0 = Debug|iPhone
		{E5611A3A-C90E-451C-BC4D-F6FFEA223C8F}.Debug|iPhone.Deploy.0 = Debug|iPhone
		{E5611A3A-C90E-451C-BC4D-F6FFEA223C8F}.Debug|iPhoneSimulator.ActiveCfg = Debug|iPhoneSimulator
		{E5611A3A-C90E-451C-BC4D-F6FFEA223C8F}.Debug|iPhoneSimulator.Build.0 = Debug|iPhoneSimulator
		{E5611A3A-C90E-451C-BC4D-F6FFEA223C8F}.Debug|iPhoneSimulator.Deploy.0 = Debug|iPhoneSimulator
		{E5611A3A-C90E-451C-BC4D-F6FFEA223C8F}.Debug|x64.ActiveCfg = Debug|iPhone
		{E5611A3A-C90E-451C-BC4D-F6FFEA223C8F}.Debug|x64.Build.0 = Debug|iPhone
		{E5611A3A-C90E-451C-BC4D-F6FFEA223C8F}.Debug|x64.Deploy.0 = Debug|iPhone
		{E5611A3A-C90E-451C-BC4D-F6FFEA223C8F}.Debug|x86.ActiveCfg = Debug|iPhoneSimulator
		{E5611A3A-C90E-451C-BC4D-F6FFEA223C8F}.Debug|x86.Build.0 = Debug|iPhoneSimulator
		{E5611A3A-C90E-451C-BC4D-F6FFEA223C8F}.Debug|x86.Deploy.0 = Debug|iPhoneSimulator
		{E5611A3A-C90E-451C-BC4D-F6FFEA223C8F}.Release|Any CPU.ActiveCfg = Release|iPhoneSimulator
		{E5611A3A-C90E-451C-BC4D-F6FFEA223C8F}.Release|Any CPU.Build.0 = Release|iPhoneSimulator
		{E5611A3A-C90E-451C-BC4D-F6FFEA223C8F}.Release|Any CPU.Deploy.0 = Release|iPhoneSimulator
		{E5611A3A-C90E-451C-BC4D-F6FFEA223C8F}.Release|ARM.ActiveCfg = Release|iPhoneSimulator
		{E5611A3A-C90E-451C-BC4D-F6FFEA223C8F}.Release|ARM.Build.0 = Release|iPhoneSimulator
		{E5611A3A-C90E-451C-BC4D-F6FFEA223C8F}.Release|ARM.Deploy.0 = Release|iPhoneSimulator
		{E5611A3A-C90E-451C-BC4D-F6FFEA223C8F}.Release|iPhone.ActiveCfg = Release|iPhone
		{E5611A3A-C90E-451C-BC4D-F6FFEA223C8F}.Release|iPhone.Build.0 = Release|iPhone
		{E5611A3A-C90E-451C-BC4D-F6FFEA223C8F}.Release|iPhone.Deploy.0 = Release|iPhone
		{E5611A3A-C90E-451C-BC4D-F6FFEA223C8F}.Release|iPhoneSimulator.ActiveCfg = Release|iPhoneSimulator
		{E5611A3A-C90E-451C-BC4D-F6FFEA223C8F}.Release|iPhoneSimulator.Build.0 = Release|iPhoneSimulator
		{E5611A3A-C90E-451C-BC4D-F6FFEA223C8F}.Release|iPhoneSimulator.Deploy.0 = Release|iPhoneSimulator
		{E5611A3A-C90E-451C-BC4D-F6FFEA223C8F}.Release|x64.ActiveCfg = Release|iPhoneSimulator
		{E5611A3A-C90E-451C-BC4D-F6FFEA223C8F}.Release|x64.Build.0 = Release|iPhoneSimulator
		{E5611A3A-C90E-451C-BC4D-F6FFEA223C8F}.Release|x64.Deploy.0 = Release|iPhoneSimulator
		{E5611A3A-C90E-451C-BC4D-F6FFEA223C8F}.Release|x86.ActiveCfg = Release|iPhoneSimulator
		{E5611A3A-C90E-451C-BC4D-F6FFEA223C8F}.Release|x86.Build.0 = Release|iPhoneSimulator
		{E5611A3A-C90E-451C-BC4D-F6FFEA223C8F}.Release|x86.Deploy.0 = Release|iPhoneSimulator
		{008C7B0F-1C9B-42F7-B397-C57245A29BBC}.Debug|Any CPU.ActiveCfg = Debug|Any CPU
		{008C7B0F-1C9B-42F7-B397-C57245A29BBC}.Debug|Any CPU.Build.0 = Debug|Any CPU
		{008C7B0F-1C9B-42F7-B397-C57245A29BBC}.Debug|Any CPU.Deploy.0 = Debug|Any CPU
		{008C7B0F-1C9B-42F7-B397-C57245A29BBC}.Debug|ARM.ActiveCfg = Debug|Any CPU
		{008C7B0F-1C9B-42F7-B397-C57245A29BBC}.Debug|ARM.Build.0 = Debug|Any CPU
		{008C7B0F-1C9B-42F7-B397-C57245A29BBC}.Debug|ARM.Deploy.0 = Debug|Any CPU
		{008C7B0F-1C9B-42F7-B397-C57245A29BBC}.Debug|iPhone.ActiveCfg = Debug|Any CPU
		{008C7B0F-1C9B-42F7-B397-C57245A29BBC}.Debug|iPhone.Build.0 = Debug|Any CPU
		{008C7B0F-1C9B-42F7-B397-C57245A29BBC}.Debug|iPhone.Deploy.0 = Debug|Any CPU
		{008C7B0F-1C9B-42F7-B397-C57245A29BBC}.Debug|iPhoneSimulator.ActiveCfg = Debug|Any CPU
		{008C7B0F-1C9B-42F7-B397-C57245A29BBC}.Debug|iPhoneSimulator.Build.0 = Debug|Any CPU
		{008C7B0F-1C9B-42F7-B397-C57245A29BBC}.Debug|iPhoneSimulator.Deploy.0 = Debug|Any CPU
		{008C7B0F-1C9B-42F7-B397-C57245A29BBC}.Debug|x64.ActiveCfg = Debug|Any CPU
		{008C7B0F-1C9B-42F7-B397-C57245A29BBC}.Debug|x64.Build.0 = Debug|Any CPU
		{008C7B0F-1C9B-42F7-B397-C57245A29BBC}.Debug|x64.Deploy.0 = Debug|Any CPU
		{008C7B0F-1C9B-42F7-B397-C57245A29BBC}.Debug|x86.ActiveCfg = Debug|Any CPU
		{008C7B0F-1C9B-42F7-B397-C57245A29BBC}.Debug|x86.Build.0 = Debug|Any CPU
		{008C7B0F-1C9B-42F7-B397-C57245A29BBC}.Debug|x86.Deploy.0 = Debug|Any CPU
		{008C7B0F-1C9B-42F7-B397-C57245A29BBC}.Release|Any CPU.ActiveCfg = Release|Any CPU
		{008C7B0F-1C9B-42F7-B397-C57245A29BBC}.Release|Any CPU.Build.0 = Release|Any CPU
		{008C7B0F-1C9B-42F7-B397-C57245A29BBC}.Release|Any CPU.Deploy.0 = Release|Any CPU
		{008C7B0F-1C9B-42F7-B397-C57245A29BBC}.Release|ARM.ActiveCfg = Release|Any CPU
		{008C7B0F-1C9B-42F7-B397-C57245A29BBC}.Release|ARM.Build.0 = Release|Any CPU
		{008C7B0F-1C9B-42F7-B397-C57245A29BBC}.Release|ARM.Deploy.0 = Release|Any CPU
		{008C7B0F-1C9B-42F7-B397-C57245A29BBC}.Release|iPhone.ActiveCfg = Release|Any CPU
		{008C7B0F-1C9B-42F7-B397-C57245A29BBC}.Release|iPhone.Build.0 = Release|Any CPU
		{008C7B0F-1C9B-42F7-B397-C57245A29BBC}.Release|iPhone.Deploy.0 = Release|Any CPU
		{008C7B0F-1C9B-42F7-B397-C57245A29BBC}.Release|iPhoneSimulator.ActiveCfg = Release|Any CPU
		{008C7B0F-1C9B-42F7-B397-C57245A29BBC}.Release|iPhoneSimulator.Build.0 = Release|Any CPU
		{008C7B0F-1C9B-42F7-B397-C57245A29BBC}.Release|iPhoneSimulator.Deploy.0 = Release|Any CPU
		{008C7B0F-1C9B-42F7-B397-C57245A29BBC}.Release|x64.ActiveCfg = Release|Any CPU
		{008C7B0F-1C9B-42F7-B397-C57245A29BBC}.Release|x64.Build.0 = Release|Any CPU
		{008C7B0F-1C9B-42F7-B397-C57245A29BBC}.Release|x64.Deploy.0 = Release|Any CPU
		{008C7B0F-1C9B-42F7-B397-C57245A29BBC}.Release|x86.ActiveCfg = Release|Any CPU
		{008C7B0F-1C9B-42F7-B397-C57245A29BBC}.Release|x86.Build.0 = Release|Any CPU
		{008C7B0F-1C9B-42F7-B397-C57245A29BBC}.Release|x86.Deploy.0 = Release|Any CPU
	EndGlobalSection
	GlobalSection(SolutionProperties) = preSolution
		HideSolutionNode = FALSE
	EndGlobalSection
	GlobalSection(ExtensibilityGlobals) = postSolution
		SolutionGuid = {A62D36B5-F92D-45F4-A226-BF16B4F8CF8B}
	EndGlobalSection
EndGlobal
